
Microsoft Visual Studio Solution File, Format Version 12.00
# Visual Studio Version 17
VisualStudioVersion = 17.10.35027.167
MinimumVisualStudioVersion = 10.0.40219.1
Project("{FAE04EC0-301F-11D3-BF4B-00C04F79EFBC}") = "ECommerse.WebUI", "ECommerse.WebUI\ECommerse.WebUI.csproj", "{19368FF1-867F-4E9F-8E61-36808EE34B94}"
EndProject
Project("{FAE04EC0-301F-11D3-BF4B-00C04F79EFBC}") = "ECommerce.Core", "ECommerce.Core\ECommerce.Core.csproj", "{14FF2F13-C974-451C-A8F0-1C695A43646C}"
EndProject
Project("{FAE04EC0-301F-11D3-BF4B-00C04F79EFBC}") = "ECommerce.DataAccess", "ECommerce.DataAccess\ECommerce.DataAccess.csproj", "{2EDD2457-C266-4513-9783-D889AC787A00}"
EndProject
Project("{FAE04EC0-301F-11D3-BF4B-00C04F79EFBC}") = "ECommerce.Business", "ECommerce.Business\ECommerce.Business.csproj", "{BAEC97BD-76E9-4A62-BF90-0ECFA452907F}"
EndProject
Project("{FAE04EC0-301F-11D3-BF4B-00C04F79EFBC}") = "ECommerce.Entities", "ECommerce.Entities\ECommerce.Entities.csproj", "{242C6368-537C-4F76-9B3B-B830D5742D43}"
EndProject
Global
	GlobalSection(SolutionConfigurationPlatforms) = preSolution
		Debug|Any CPU = Debug|Any CPU
		Release|Any CPU = Release|Any CPU
	EndGlobalSection
	GlobalSection(ProjectConfigurationPlatforms) = postSolution
		{19368FF1-867F-4E9F-8E61-36808EE34B94}.Debug|Any CPU.ActiveCfg = Debug|Any CPU
		{19368FF1-867F-4E9F-8E61-36808EE34B94}.Debug|Any CPU.Build.0 = Debug|Any CPU
		{19368FF1-867F-4E9F-8E61-36808EE34B94}.Release|Any CPU.ActiveCfg = Release|Any CPU
		{19368FF1-867F-4E9F-8E61-36808EE34B94}.Release|Any CPU.Build.0 = Release|Any CPU
		{14FF2F13-C974-451C-A8F0-1C695A43646C}.Debug|Any CPU.ActiveCfg = Debug|Any CPU
		{14FF2F13-C974-451C-A8F0-1C695A43646C}.Debug|Any CPU.Build.0 = Debug|Any CPU
		{14FF2F13-C974-451C-A8F0-1C695A43646C}.Release|Any CPU.ActiveCfg = Release|Any CPU
		{14FF2F13-C974-451C-A8F0-1C695A43646C}.Release|Any CPU.Build.0 = Release|Any CPU
		{2EDD2457-C266-4513-9783-D889AC787A00}.Debug|Any CPU.ActiveCfg = Debug|Any CPU
		{2EDD2457-C266-4513-9783-D889AC787A00}.Debug|Any CPU.Build.0 = Debug|Any CPU
		{2EDD2457-C266-4513-9783-D889AC787A00}.Release|Any CPU.ActiveCfg = Release|Any CPU
		{2EDD2457-C266-4513-9783-D889AC787A00}.Release|Any CPU.Build.0 = Release|Any CPU
		{BAEC97BD-76E9-4A62-BF90-0ECFA452907F}.Debug|Any CPU.ActiveCfg = Debug|Any CPU
		{BAEC97BD-76E9-4A62-BF90-0ECFA452907F}.Debug|Any CPU.Build.0 = Debug|Any CPU
		{BAEC97BD-76E9-4A62-BF90-0ECFA452907F}.Release|Any CPU.ActiveCfg = Release|Any CPU
		{BAEC97BD-76E9-4A62-BF90-0ECFA452907F}.Release|Any CPU.Build.0 = Release|Any CPU
		{242C6368-537C-4F76-9B3B-B830D5742D43}.Debug|Any CPU.ActiveCfg = Debug|Any CPU
		{242C6368-537C-4F76-9B3B-B830D5742D43}.Debug|Any CPU.Build.0 = Debug|Any CPU
		{242C6368-537C-4F76-9B3B-B830D5742D43}.Release|Any CPU.ActiveCfg = Release|Any CPU
		{242C6368-537C-4F76-9B3B-B830D5742D43}.Release|Any CPU.Build.0 = Release|Any CPU
	EndGlobalSection
	GlobalSection(SolutionProperties) = preSolution
		HideSolutionNode = FALSE
	EndGlobalSection
	GlobalSection(ExtensibilityGlobals) = postSolution
		SolutionGuid = {587C5C63-1F2F-4E52-BF88-437CC47479E7}
	EndGlobalSection
EndGlobal
